
Microsoft Visual Studio Solution File, Format Version 12.00
# Visual Studio Version 16
VisualStudioVersion = 16.0.29001.49
MinimumVisualStudioVersion = 10.0.40219.1
Project("{FAE04EC0-301F-11D3-BF4B-00C04F79EFBC}") = "maths", "maths\maths.csproj", "{01C25E12-86A1-4934-A8FD-C595E191B0C4}"
EndProject
Global
	GlobalSection(SolutionConfigurationPlatforms) = preSolution
		Debug|Any CPU = Debug|Any CPU
		Release|Any CPU = Release|Any CPU
	EndGlobalSection
	GlobalSection(ProjectConfigurationPlatforms) = postSolution
		{01C25E12-86A1-4934-A8FD-C595E191B0C4}.Debug|Any CPU.ActiveCfg = Debug|Any CPU
		{01C25E12-86A1-4934-A8FD-C595E191B0C4}.Debug|Any CPU.Build.0 = Debug|Any CPU
		{01C25E12-86A1-4934-A8FD-C595E191B0C4}.Release|Any CPU.ActiveCfg = Release|Any CPU
		{01C25E12-86A1-4934-A8FD-C595E191B0C4}.Release|Any CPU.Build.0 = Release|Any CPU
	EndGlobalSection
	GlobalSection(SolutionProperties) = preSolution
		HideSolutionNode = FALSE
	EndGlobalSection
	GlobalSection(ExtensibilityGlobals) = postSolution
		SolutionGuid = {F627D8F9-37A3-44A8-A371-EB12F936A698}
	EndGlobalSection
EndGlobal
